
Microsoft Visual Studio Solution File, Format Version 12.00
# Visual Studio 14
VisualStudioVersion = 14.0.25420.1
MinimumVisualStudioVersion = 10.0.40219.1
Project("{FAE04EC0-301F-11D3-BF4B-00C04F79EFBC}") = "TestDM", "TestDM\TestDM.csproj", "{3FD34884-95A2-4FDA-963B-61FE4B5159E7}"
EndProject
Project("{FAE04EC0-301F-11D3-BF4B-00C04F79EFBC}") = "clDM", "clDM\clDM.csproj", "{E0F27A60-A7C9-4F6C-AE7D-759667C23A7D}"
EndProject
Global
	GlobalSection(SolutionConfigurationPlatforms) = preSolution
		Debug|Any CPU = Debug|Any CPU
		Release|Any CPU = Release|Any CPU
	EndGlobalSection
	GlobalSection(ProjectConfigurationPlatforms) = postSolution
		{3FD34884-95A2-4FDA-963B-61FE4B5159E7}.Debug|Any CPU.ActiveCfg = Debug|Any CPU
		{3FD34884-95A2-4FDA-963B-61FE4B5159E7}.Debug|Any CPU.Build.0 = Debug|Any CPU
		{3FD34884-95A2-4FDA-963B-61FE4B5159E7}.Release|Any CPU.ActiveCfg = Release|Any CPU
		{3FD34884-95A2-4FDA-963B-61FE4B5159E7}.Release|Any CPU.Build.0 = Release|Any CPU
		{E0F27A60-A7C9-4F6C-AE7D-759667C23A7D}.Debug|Any CPU.ActiveCfg = Debug|Any CPU
		{E0F27A60-A7C9-4F6C-AE7D-759667C23A7D}.Debug|Any CPU.Build.0 = Debug|Any CPU
		{E0F27A60-A7C9-4F6C-AE7D-759667C23A7D}.Release|Any CPU.ActiveCfg = Release|Any CPU
		{E0F27A60-A7C9-4F6C-AE7D-759667C23A7D}.Release|Any CPU.Build.0 = Release|Any CPU
	EndGlobalSection
	GlobalSection(SolutionProperties) = preSolution
		HideSolutionNode = FALSE
	EndGlobalSection
EndGlobal
